<?xml version="1.0" encoding="utf-8"?>
<Project ToolsVersion="4.0" xmlns="http://schemas.microsoft.com/developer/msbuild/2003">
  <ItemGroup>
    <ClCompile Include="dllmain.cpp">
      <Filter>源文件</Filter>
    </ClCompile>
    <ClCompile Include="events.cpp">
      <Filter>源文件</Filter>
    </ClCompile>
    <ClCompile Include="pch.cpp">
      <Filter>源文件</Filter>
    </ClCompile>
    <ClCompile Include="win32-allocimpl.cpp">
      <Filter>源文件</Filter>
    </ClCompile>
  </ItemGroup>
  <ItemGroup>
    <ClInclude Include="types.hpp">
      <Filter>头文件</Filter>
    </ClInclude>
    <ClInclude Include="pch.h">
      <Filter>头文件</Filter>
    </ClInclude>
    <ClInclude Include="framework.h">
      <Filter>头文件</Filter>
    </ClInclude>
    <ClInclude Include="events.hpp">
      <Filter>头文件</Filter>
    </ClInclude>
  </ItemGroup>
  <ItemGroup>
    <None Include="cpp.hint">
      <Filter>杂项文件</Filter>
    </None>
    <None Include="stwks20.events.nuspec">
      <Filter>杂项文件</Filter>
    </None>
    <None Include="stwks20.events.targets">
      <Filter>杂项文件</Filter>
    </None>
  </ItemGroup>
  <ItemGroup>
    <Filter Include="源文件">
      <UniqueIdentifier>{872ce96c-a999-434d-86c3-1c8148bb0b1a}</UniqueIdentifier>
    </Filter>
    <Filter Include="头文件">
      <UniqueIdentifier>{a8ae340d-b775-4392-ba89-848d85986d36}</UniqueIdentifier>
    </Filter>
    <Filter Include="杂项文件">
      <UniqueIdentifier>{49938758-f330-495c-aa21-04f0d52faced}</UniqueIdentifier>
    </Filter>
  </ItemGroup>
</Project>